
Microsoft Visual Studio Solution File, Format Version 12.00
# Visual Studio Version 16
VisualStudioVersion = 16.0.30621.155
MinimumVisualStudioVersion = 10.0.40219.1
Project("{FAE04EC0-301F-11D3-BF4B-00C04F79EFBC}") = "SavingPasswordForAll", "SavingPasswordForAll.csproj", "{0C81FF20-26D6-4B4F-BF82-47DB9171C1CF}"
EndProject
Project("{FAE04EC0-301F-11D3-BF4B-00C04F79EFBC}") = "MVCforPasswordSaver", "MVCforPasswordSaver\MVCforPasswordSaver.csproj", "{59F377D2-F6C7-4598-8C43-23B34B2549CF}"
EndProject
Global
	GlobalSection(SolutionConfigurationPlatforms) = preSolution
		Debug|Any CPU = Debug|Any CPU
		Release|Any CPU = Release|Any CPU
	EndGlobalSection
	GlobalSection(ProjectConfigurationPlatforms) = postSolution
		{0C81FF20-26D6-4B4F-BF82-47DB9171C1CF}.Debug|Any CPU.ActiveCfg = Debug|Any CPU
		{0C81FF20-26D6-4B4F-BF82-47DB9171C1CF}.Debug|Any CPU.Build.0 = Debug|Any CPU
		{0C81FF20-26D6-4B4F-BF82-47DB9171C1CF}.Release|Any CPU.ActiveCfg = Release|Any CPU
		{0C81FF20-26D6-4B4F-BF82-47DB9171C1CF}.Release|Any CPU.Build.0 = Release|Any CPU
		{59F377D2-F6C7-4598-8C43-23B34B2549CF}.Debug|Any CPU.ActiveCfg = Debug|Any CPU
		{59F377D2-F6C7-4598-8C43-23B34B2549CF}.Debug|Any CPU.Build.0 = Debug|Any CPU
		{59F377D2-F6C7-4598-8C43-23B34B2549CF}.Release|Any CPU.ActiveCfg = Release|Any CPU
		{59F377D2-F6C7-4598-8C43-23B34B2549CF}.Release|Any CPU.Build.0 = Release|Any CPU
	EndGlobalSection
	GlobalSection(SolutionProperties) = preSolution
		HideSolutionNode = FALSE
	EndGlobalSection
	GlobalSection(ExtensibilityGlobals) = postSolution
		SolutionGuid = {74C5AAA3-BC89-40EC-8519-1249CAA72A5D}
	EndGlobalSection
EndGlobal
